// !$*UTF8*$!
{
	archiveVersion = 1;
	classes = {
	};
	objectVersion = 50;
	objects = {

/* Begin PBXBuildFile section */
		05605DA82311C3E300EE9C60 /* AppDelegate.swift in Sources */ = {isa = PBXBuildFile; fileRef = 05605DA72311C3E300EE9C60 /* AppDelegate.swift */; };
		05605DAA2311C3E300EE9C60 /* Document.swift in Sources */ = {isa = PBXBuildFile; fileRef = 05605DA92311C3E300EE9C60 /* Document.swift */; };
		05605DAD2311C3E300EE9C60 /* Document.xib in Resources */ = {isa = PBXBuildFile; fileRef = 05605DAB2311C3E300EE9C60 /* Document.xib */; };
		05605DAF2311C3E400EE9C60 /* Assets.xcassets in Resources */ = {isa = PBXBuildFile; fileRef = 05605DAE2311C3E400EE9C60 /* Assets.xcassets */; };
		05605DB22311C3E400EE9C60 /* MainMenu.xib in Resources */ = {isa = PBXBuildFile; fileRef = 05605DB02311C3E400EE9C60 /* MainMenu.xib */; };
		063DDE0C234C9943009F6652 /* main.m in Sources */ = {isa = PBXBuildFile; fileRef = 063DDE0B234C9943009F6652 /* main.m */; };
		063DDE15234C9A07009F6652 /* NSArray+LongestCommonSubsequence.m in Sources */ = {isa = PBXBuildFile; fileRef = 063DDE14234C9A07009F6652 /* NSArray+LongestCommonSubsequence.m */; };
		063DDE18234CA569009F6652 /* NSString+ComposedCharacterSequences.m in Sources */ = {isa = PBXBuildFile; fileRef = 063DDE17234CA569009F6652 /* NSString+ComposedCharacterSequences.m */; };
		063DDE1E234CCEC1009F6652 /* Application.m in Sources */ = {isa = PBXBuildFile; fileRef = 063DDE1D234CCEC1009F6652 /* Application.m */; };
		063DDE23234CE7F7009F6652 /* AppleEventManager.m in Sources */ = {isa = PBXBuildFile; fileRef = 063DDE22234CE7F7009F6652 /* AppleEventManager.m */; };
		068D83A123132528009DAC4A /* NSAttributedString.swift in Sources */ = {isa = PBXBuildFile; fileRef = 068D83A023132527009DAC4A /* NSAttributedString.swift */; };
		068D83A323132535009DAC4A /* String.swift in Sources */ = {isa = PBXBuildFile; fileRef = 068D83A223132535009DAC4A /* String.swift */; };
		068D83A52313254D009DAC4A /* Array+Tuple.swift in Sources */ = {isa = PBXBuildFile; fileRef = 068D83A42313254D009DAC4A /* Array+Tuple.swift */; };
		068D83B5231579CE009DAC4A /* Window.swift in Sources */ = {isa = PBXBuildFile; fileRef = 068D83B4231579CE009DAC4A /* Window.swift */; };
/* End PBXBuildFile section */

/* Begin PBXCopyFilesBuildPhase section */
		063DDE07234C9943009F6652 /* CopyFiles */ = {
			isa = PBXCopyFilesBuildPhase;
			buildActionMask = 2147483647;
			dstPath = /usr/share/man/man1/;
			dstSubfolderSpec = 0;
			files = (
			);
			runOnlyForDeploymentPostprocessing = 1;
		};
/* End PBXCopyFilesBuildPhase section */

/* Begin PBXFileReference section */
		05605DA42311C3E300EE9C60 /* Bulkhead.app */ = {isa = PBXFileReference; explicitFileType = wrapper.application; includeInIndex = 0; path = Bulkhead.app; sourceTree = BUILT_PRODUCTS_DIR; };
		05605DA72311C3E300EE9C60 /* AppDelegate.swift */ = {isa = PBXFileReference; lastKnownFileType = sourcecode.swift; path = AppDelegate.swift; sourceTree = "<group>"; };
		05605DA92311C3E300EE9C60 /* Document.swift */ = {isa = PBXFileReference; lastKnownFileType = sourcecode.swift; path = Document.swift; sourceTree = "<group>"; };
		05605DAC2311C3E300EE9C60 /* Base */ = {isa = PBXFileReference; lastKnownFileType = file.xib; name = Base; path = Base.lproj/Document.xib; sourceTree = "<group>"; };
		05605DAE2311C3E400EE9C60 /* Assets.xcassets */ = {isa = PBXFileReference; lastKnownFileType = folder.assetcatalog; path = Assets.xcassets; sourceTree = "<group>"; };
		05605DB12311C3E400EE9C60 /* Base */ = {isa = PBXFileReference; lastKnownFileType = file.xib; name = Base; path = Base.lproj/MainMenu.xib; sourceTree = "<group>"; };
		05605DB32311C3E400EE9C60 /* Info.plist */ = {isa = PBXFileReference; lastKnownFileType = text.plist.xml; path = Info.plist; sourceTree = "<group>"; };
		05605DB42311C3E400EE9C60 /* Bulkhead.entitlements */ = {isa = PBXFileReference; lastKnownFileType = text.plist.entitlements; path = Bulkhead.entitlements; sourceTree = "<group>"; };
		063DDE09234C9943009F6652 /* LCSTest */ = {isa = PBXFileReference; explicitFileType = "compiled.mach-o.executable"; includeInIndex = 0; path = LCSTest; sourceTree = BUILT_PRODUCTS_DIR; };
		063DDE0B234C9943009F6652 /* main.m */ = {isa = PBXFileReference; lastKnownFileType = sourcecode.c.objc; path = main.m; sourceTree = "<group>"; };
		063DDE13234C9A07009F6652 /* NSArray+LongestCommonSubsequence.h */ = {isa = PBXFileReference; lastKnownFileType = sourcecode.c.h; path = "NSArray+LongestCommonSubsequence.h"; sourceTree = "<group>"; };
		063DDE14234C9A07009F6652 /* NSArray+LongestCommonSubsequence.m */ = {isa = PBXFileReference; lastKnownFileType = sourcecode.c.objc; path = "NSArray+LongestCommonSubsequence.m"; sourceTree = "<group>"; };
		063DDE16234CA569009F6652 /* NSString+ComposedCharacterSequences.h */ = {isa = PBXFileReference; lastKnownFileType = sourcecode.c.h; path = "NSString+ComposedCharacterSequences.h"; sourceTree = "<group>"; };
		063DDE17234CA569009F6652 /* NSString+ComposedCharacterSequences.m */ = {isa = PBXFileReference; lastKnownFileType = sourcecode.c.objc; path = "NSString+ComposedCharacterSequences.m"; sourceTree = "<group>"; };
		063DDE1C234CCEC1009F6652 /* Application.h */ = {isa = PBXFileReference; lastKnownFileType = sourcecode.c.h; path = Application.h; sourceTree = "<group>"; };
		063DDE1D234CCEC1009F6652 /* Application.m */ = {isa = PBXFileReference; lastKnownFileType = sourcecode.c.objc; path = Application.m; sourceTree = "<group>"; };
		063DDE21234CE7F7009F6652 /* AppleEventManager.h */ = {isa = PBXFileReference; lastKnownFileType = sourcecode.c.h; path = AppleEventManager.h; sourceTree = "<group>"; };
		063DDE22234CE7F7009F6652 /* AppleEventManager.m */ = {isa = PBXFileReference; lastKnownFileType = sourcecode.c.objc; path = AppleEventManager.m; sourceTree = "<group>"; };
		063DDE24234CF90A009F6652 /* Info.plist */ = {isa = PBXFileReference; lastKnownFileType = text.plist.xml; path = Info.plist; sourceTree = "<group>"; };
		068D83A023132527009DAC4A /* NSAttributedString.swift */ = {isa = PBXFileReference; fileEncoding = 4; lastKnownFileType = sourcecode.swift; path = NSAttributedString.swift; sourceTree = "<group>"; };
		068D83A223132535009DAC4A /* String.swift */ = {isa = PBXFileReference; fileEncoding = 4; lastKnownFileType = sourcecode.swift; path = String.swift; sourceTree = "<group>"; };
		068D83A42313254D009DAC4A /* Array+Tuple.swift */ = {isa = PBXFileReference; fileEncoding = 4; lastKnownFileType = sourcecode.swift; path = "Array+Tuple.swift"; sourceTree = "<group>"; };
		068D83B4231579CE009DAC4A /* Window.swift */ = {isa = PBXFileReference; lastKnownFileType = sourcecode.swift; path = Window.swift; sourceTree = "<group>"; };
/* End PBXFileReference section */

/* Begin PBXFrameworksBuildPhase section */
		05605DA12311C3E300EE9C60 /* Frameworks */ = {
			isa = PBXFrameworksBuildPhase;
			buildActionMask = 2147483647;
			files = (
			);
			runOnlyForDeploymentPostprocessing = 0;
		};
		063DDE06234C9943009F6652 /* Frameworks */ = {
			isa = PBXFrameworksBuildPhase;
			buildActionMask = 2147483647;
			files = (
			);
			runOnlyForDeploymentPostprocessing = 0;
		};
/* End PBXFrameworksBuildPhase section */

/* Begin PBXGroup section */
		05605D9B2311C3E300EE9C60 = {
			isa = PBXGroup;
			children = (
				05605DA62311C3E300EE9C60 /* Bulkhead */,
				063DDE0A234C9943009F6652 /* LCSTest */,
				05605DA52311C3E300EE9C60 /* Products */,
			);
			sourceTree = "<group>";
		};
		05605DA52311C3E300EE9C60 /* Products */ = {
			isa = PBXGroup;
			children = (
				05605DA42311C3E300EE9C60 /* Bulkhead.app */,
				063DDE09234C9943009F6652 /* LCSTest */,
			);
			name = Products;
			sourceTree = "<group>";
		};
		05605DA62311C3E300EE9C60 /* Bulkhead */ = {
			isa = PBXGroup;
			children = (
				05605DA72311C3E300EE9C60 /* AppDelegate.swift */,
				05605DA92311C3E300EE9C60 /* Document.swift */,
				063DDE1C234CCEC1009F6652 /* Application.h */,
				063DDE1D234CCEC1009F6652 /* Application.m */,
				063DDE21234CE7F7009F6652 /* AppleEventManager.h */,
				063DDE22234CE7F7009F6652 /* AppleEventManager.m */,
				068D83A223132535009DAC4A /* String.swift */,
				068D83A42313254D009DAC4A /* Array+Tuple.swift */,
				068D83A023132527009DAC4A /* NSAttributedString.swift */,
				068D83B4231579CE009DAC4A /* Window.swift */,
				05605DAB2311C3E300EE9C60 /* Document.xib */,
				05605DAE2311C3E400EE9C60 /* Assets.xcassets */,
				05605DB02311C3E400EE9C60 /* MainMenu.xib */,
				05605DB32311C3E400EE9C60 /* Info.plist */,
				05605DB42311C3E400EE9C60 /* Bulkhead.entitlements */,
			);
			path = Bulkhead;
			sourceTree = "<group>";
		};
		063DDE0A234C9943009F6652 /* LCSTest */ = {
			isa = PBXGroup;
			children = (
				063DDE0B234C9943009F6652 /* main.m */,
				063DDE24234CF90A009F6652 /* Info.plist */,
				063DDE16234CA569009F6652 /* NSString+ComposedCharacterSequences.h */,
				063DDE17234CA569009F6652 /* NSString+ComposedCharacterSequences.m */,
				063DDE13234C9A07009F6652 /* NSArray+LongestCommonSubsequence.h */,
				063DDE14234C9A07009F6652 /* NSArray+LongestCommonSubsequence.m */,
			);
			path = LCSTest;
			sourceTree = "<group>";
		};
/* End PBXGroup section */

/* Begin PBXNativeTarget section */
		05605DA32311C3E300EE9C60 /* Bulkhead */ = {
			isa = PBXNativeTarget;
			buildConfigurationList = 05605DB72311C3E400EE9C60 /* Build configuration list for PBXNativeTarget "Bulkhead" */;
			buildPhases = (
				05605DA02311C3E300EE9C60 /* Sources */,
				05605DA12311C3E300EE9C60 /* Frameworks */,
				05605DA22311C3E300EE9C60 /* Resources */,
			);
			buildRules = (
			);
			dependencies = (
			);
			name = Bulkhead;
			productName = Bulkhead;
			productReference = 05605DA42311C3E300EE9C60 /* Bulkhead.app */;
			productType = "com.apple.product-type.application";
		};
		063DDE08234C9943009F6652 /* LCSTest */ = {
			isa = PBXNativeTarget;
			buildConfigurationList = 063DDE0F234C9943009F6652 /* Build configuration list for PBXNativeTarget "LCSTest" */;
			buildPhases = (
				063DDE05234C9943009F6652 /* Sources */,
				063DDE06234C9943009F6652 /* Frameworks */,
				063DDE07234C9943009F6652 /* CopyFiles */,
			);
			buildRules = (
			);
			dependencies = (
			);
			name = LCSTest;
			productName = LCSTest;
			productReference = 063DDE09234C9943009F6652 /* LCSTest */;
			productType = "com.apple.product-type.tool";
		};
/* End PBXNativeTarget section */

/* Begin PBXProject section */
		05605D9C2311C3E300EE9C60 /* Project object */ = {
			isa = PBXProject;
			attributes = {
				LastSwiftUpdateCheck = 1030;
				LastUpgradeCheck = 1030;
				ORGANIZATIONNAME = "John Scott";
				TargetAttributes = {
					05605DA32311C3E300EE9C60 = {
						CreatedOnToolsVersion = 10.3;
						LastSwiftMigration = 1030;
						SystemCapabilities = {
							com.apple.Sandbox = {
								enabled = 0;
							};
						};
					};
					063DDE08234C9943009F6652 = {
						CreatedOnToolsVersion = 10.3;
					};
				};
			};
			buildConfigurationList = 05605D9F2311C3E300EE9C60 /* Build configuration list for PBXProject "Bulkhead" */;
			compatibilityVersion = "Xcode 9.3";
			developmentRegion = en;
			hasScannedForEncodings = 0;
			knownRegions = (
				en,
				Base,
			);
			mainGroup = 05605D9B2311C3E300EE9C60;
			productRefGroup = 05605DA52311C3E300EE9C60 /* Products */;
			projectDirPath = "";
			projectRoot = "";
			targets = (
				05605DA32311C3E300EE9C60 /* Bulkhead */,
				063DDE08234C9943009F6652 /* LCSTest */,
			);
		};
/* End PBXProject section */

/* Begin PBXResourcesBuildPhase section */
		05605DA22311C3E300EE9C60 /* Resources */ = {
			isa = PBXResourcesBuildPhase;
			buildActionMask = 2147483647;
			files = (
				05605DAF2311C3E400EE9C60 /* Assets.xcassets in Resources */,
				05605DAD2311C3E300EE9C60 /* Document.xib in Resources */,
				05605DB22311C3E400EE9C60 /* MainMenu.xib in Resources */,
			);
			runOnlyForDeploymentPostprocessing = 0;
		};
/* End PBXResourcesBuildPhase section */

/* Begin PBXSourcesBuildPhase section */
		05605DA02311C3E300EE9C60 /* Sources */ = {
			isa = PBXSourcesBuildPhase;
			buildActionMask = 2147483647;
			files = (
				05605DAA2311C3E300EE9C60 /* Document.swift in Sources */,
				068D83A52313254D009DAC4A /* Array+Tuple.swift in Sources */,
				063DDE1E234CCEC1009F6652 /* Application.m in Sources */,
				068D83A123132528009DAC4A /* NSAttributedString.swift in Sources */,
				068D83A323132535009DAC4A /* String.swift in Sources */,
				063DDE23234CE7F7009F6652 /* AppleEventManager.m in Sources */,
				05605DA82311C3E300EE9C60 /* AppDelegate.swift in Sources */,
				068D83B5231579CE009DAC4A /* Window.swift in Sources */,
			);
			runOnlyForDeploymentPostprocessing = 0;
		};
		063DDE05234C9943009F6652 /* Sources */ = {
			isa = PBXSourcesBuildPhase;
			buildActionMask = 2147483647;
			files = (
				063DDE0C234C9943009F6652 /* main.m in Sources */,
				063DDE15234C9A07009F6652 /* NSArray+LongestCommonSubsequence.m in Sources */,
				063DDE18234CA569009F6652 /* NSString+ComposedCharacterSequences.m in Sources */,
			);
			runOnlyForDeploymentPostprocessing = 0;
		};
/* End PBXSourcesBuildPhase section */

/* Begin PBXVariantGroup section */
		05605DAB2311C3E300EE9C60 /* Document.xib */ = {
			isa = PBXVariantGroup;
			children = (
				05605DAC2311C3E300EE9C60 /* Base */,
			);
			name = Document.xib;
			sourceTree = "<group>";
		};
		05605DB02311C3E400EE9C60 /* MainMenu.xib */ = {
			isa = PBXVariantGroup;
			children = (
				05605DB12311C3E400EE9C60 /* Base */,
			);
			name = MainMenu.xib;
			sourceTree = "<group>";
		};
/* End PBXVariantGroup section */

/* Begin XCBuildConfiguration section */
		05605DB52311C3E400EE9C60 /* Debug */ = {
			isa = XCBuildConfiguration;
			buildSettings = {
				ALWAYS_SEARCH_USER_PATHS = NO;
				CLANG_ANALYZER_NONNULL = YES;
				CLANG_ANALYZER_NUMBER_OBJECT_CONVERSION = YES_AGGRESSIVE;
				CLANG_CXX_LANGUAGE_STANDARD = "gnu++14";
				CLANG_CXX_LIBRARY = "libc++";
				CLANG_ENABLE_MODULES = YES;
				CLANG_ENABLE_OBJC_ARC = YES;
				CLANG_ENABLE_OBJC_WEAK = YES;
				CLANG_WARN_BLOCK_CAPTURE_AUTORELEASING = YES;
				CLANG_WARN_BOOL_CONVERSION = YES;
				CLANG_WARN_COMMA = YES;
				CLANG_WARN_CONSTANT_CONVERSION = YES;
				CLANG_WARN_DEPRECATED_OBJC_IMPLEMENTATIONS = YES;
				CLANG_WARN_DIRECT_OBJC_ISA_USAGE = YES_ERROR;
				CLANG_WARN_DOCUMENTATION_COMMENTS = YES;
				CLANG_WARN_EMPTY_BODY = YES;
				CLANG_WARN_ENUM_CONVERSION = YES;
				CLANG_WARN_INFINITE_RECURSION = YES;
				CLANG_WARN_INT_CONVERSION = YES;
				CLANG_WARN_NON_LITERAL_NULL_CONVERSION = YES;
				CLANG_WARN_OBJC_IMPLICIT_RETAIN_SELF = YES;
				CLANG_WARN_OBJC_LITERAL_CONVERSION = YES;
				CLANG_WARN_OBJC_ROOT_CLASS = YES_ERROR;
				CLANG_WARN_RANGE_LOOP_ANALYSIS = YES;
				CLANG_WARN_STRICT_PROTOTYPES = YES;
				CLANG_WARN_SUSPICIOUS_MOVE = YES;
				CLANG_WARN_UNGUARDED_AVAILABILITY = YES_AGGRESSIVE;
				CLANG_WARN_UNREACHABLE_CODE = YES;
				CLANG_WARN__DUPLICATE_METHOD_MATCH = YES;
				CODE_SIGN_IDENTITY = "Mac Developer";
				COPY_PHASE_STRIP = NO;
				DEBUG_INFORMATION_FORMAT = dwarf;
				ENABLE_STRICT_OBJC_MSGSEND = YES;
				ENABLE_TESTABILITY = YES;
				GCC_C_LANGUAGE_STANDARD = gnu11;
				GCC_DYNAMIC_NO_PIC = NO;
				GCC_NO_COMMON_BLOCKS = YES;
				GCC_OPTIMIZATION_LEVEL = 0;
				GCC_PREPROCESSOR_DEFINITIONS = (
					"DEBUG=1",
					"$(inherited)",
				);
				GCC_WARN_64_TO_32_BIT_CONVERSION = YES;
				GCC_WARN_ABOUT_RETURN_TYPE = YES_ERROR;
				GCC_WARN_UNDECLARED_SELECTOR = YES;
				GCC_WARN_UNINITIALIZED_AUTOS = YES_AGGRESSIVE;
				GCC_WARN_UNUSED_FUNCTION = YES;
				GCC_WARN_UNUSED_VARIABLE = YES;
				MACOSX_DEPLOYMENT_TARGET = 10.14;
				MTL_ENABLE_DEBUG_INFO = INCLUDE_SOURCE;
				MTL_FAST_MATH = YES;
				ONLY_ACTIVE_ARCH = YES;
				SDKROOT = macosx;
				SWIFT_ACTIVE_COMPILATION_CONDITIONS = DEBUG;
				SWIFT_OPTIMIZATION_LEVEL = "-Onone";
			};
			name = Debug;
		};
		05605DB62311C3E400EE9C60 /* Release */ = {
			isa = XCBuildConfiguration;
			buildSettings = {
				ALWAYS_SEARCH_USER_PATHS = NO;
				CLANG_ANALYZER_NONNULL = YES;
				CLANG_ANALYZER_NUMBER_OBJECT_CONVERSION = YES_AGGRESSIVE;
				CLANG_CXX_LANGUAGE_STANDARD = "gnu++14";
				CLANG_CXX_LIBRARY = "libc++";
				CLANG_ENABLE_MODULES = YES;
				CLANG_ENABLE_OBJC_ARC = YES;
				CLANG_ENABLE_OBJC_WEAK = YES;
				CLANG_WARN_BLOCK_CAPTURE_AUTORELEASING = YES;
				CLANG_WARN_BOOL_CONVERSION = YES;
				CLANG_WARN_COMMA = YES;
				CLANG_WARN_CONSTANT_CONVERSION = YES;
				CLANG_WARN_DEPRECATED_OBJC_IMPLEMENTATIONS = YES;
				CLANG_WARN_DIRECT_OBJC_ISA_USAGE = YES_ERROR;
				CLANG_WARN_DOCUMENTATION_COMMENTS = YES;
				CLANG_WARN_EMPTY_BODY = YES;
				CLANG_WARN_ENUM_CONVERSION = YES;
				CLANG_WARN_INFINITE_RECURSION = YES;
				CLANG_WARN_INT_CONVERSION = YES;
				CLANG_WARN_NON_LITERAL_NULL_CONVERSION = YES;
				CLANG_WARN_OBJC_IMPLICIT_RETAIN_SELF = YES;
				CLANG_WARN_OBJC_LITERAL_CONVERSION = YES;
				CLANG_WARN_OBJC_ROOT_CLASS = YES_ERROR;
				CLANG_WARN_RANGE_LOOP_ANALYSIS = YES;
				CLANG_WARN_STRICT_PROTOTYPES = YES;
				CLANG_WARN_SUSPICIOUS_MOVE = YES;
				CLANG_WARN_UNGUARDED_AVAILABILITY = YES_AGGRESSIVE;
				CLANG_WARN_UNREACHABLE_CODE = YES;
				CLANG_WARN__DUPLICATE_METHOD_MATCH = YES;
				CODE_SIGN_IDENTITY = "Mac Developer";
				COPY_PHASE_STRIP = NO;
				DEBUG_INFORMATION_FORMAT = "dwarf-with-dsym";
				ENABLE_NS_ASSERTIONS = NO;
				ENABLE_STRICT_OBJC_MSGSEND = YES;
				GCC_C_LANGUAGE_STANDARD = gnu11;
				GCC_NO_COMMON_BLOCKS = YES;
				GCC_WARN_64_TO_32_BIT_CONVERSION = YES;
				GCC_WARN_ABOUT_RETURN_TYPE = YES_ERROR;
				GCC_WARN_UNDECLARED_SELECTOR = YES;
				GCC_WARN_UNINITIALIZED_AUTOS = YES_AGGRESSIVE;
				GCC_WARN_UNUSED_FUNCTION = YES;
				GCC_WARN_UNUSED_VARIABLE = YES;
				MACOSX_DEPLOYMENT_TARGET = 10.14;
				MTL_ENABLE_DEBUG_INFO = NO;
				MTL_FAST_MATH = YES;
				SDKROOT = macosx;
				SWIFT_COMPILATION_MODE = wholemodule;
				SWIFT_OPTIMIZATION_LEVEL = "-O";
			};
			name = Release;
		};
		05605DB82311C3E400EE9C60 /* Debug */ = {
			isa = XCBuildConfiguration;
			buildSettings = {
				ASSETCATALOG_COMPILER_APPICON_NAME = AppIcon;
				CLANG_ENABLE_MODULES = YES;
				CODE_SIGN_IDENTITY = "-";
				CODE_SIGN_STYLE = Automatic;
				COMBINE_HIDPI_IMAGES = YES;
				DEVELOPMENT_TEAM = "";
				INFOPLIST_FILE = Bulkhead/Info.plist;
				LD_RUNPATH_SEARCH_PATHS = (
					"$(inherited)",
					"@executable_path/../Frameworks",
				);
				PRODUCT_BUNDLE_IDENTIFIER = com.jjrscott.bulkhead;
				PRODUCT_NAME = "$(TARGET_NAME)";
				PROVISIONING_PROFILE_SPECIFIER = "";
				SWIFT_OPTIMIZATION_LEVEL = "-Onone";
				SWIFT_VERSION = 5.0;
			};
			name = Debug;
		};
		05605DB92311C3E400EE9C60 /* Release */ = {
			isa = XCBuildConfiguration;
			buildSettings = {
				ASSETCATALOG_COMPILER_APPICON_NAME = AppIcon;
				CLANG_ENABLE_MODULES = YES;
				CODE_SIGN_IDENTITY = "-";
				CODE_SIGN_STYLE = Automatic;
				COMBINE_HIDPI_IMAGES = YES;
				DEVELOPMENT_TEAM = "";
				INFOPLIST_FILE = Bulkhead/Info.plist;
				LD_RUNPATH_SEARCH_PATHS = (
					"$(inherited)",
					"@executable_path/../Frameworks",
				);
				PRODUCT_BUNDLE_IDENTIFIER = com.jjrscott.bulkhead;
				PRODUCT_NAME = "$(TARGET_NAME)";
				PROVISIONING_PROFILE_SPECIFIER = "";
				SWIFT_VERSION = 5.0;
			};
			name = Release;
		};
		063DDE0D234C9943009F6652 /* Debug */ = {
			isa = XCBuildConfiguration;
			buildSettings = {
				CODE_SIGN_IDENTITY = "-";
				CODE_SIGN_STYLE = Automatic;
				CREATE_INFOPLIST_SECTION_IN_BINARY = YES;
				INFOPLIST_FILE = LCSTest/Info.plist;
				PRODUCT_BUNDLE_IDENTIFIER = com.jjrscott.bulkhead;
				PRODUCT_NAME = "$(TARGET_NAME)";
			};
			name = Debug;
		};
		063DDE0E234C9943009F6652 /* Release */ = {
			isa = XCBuildConfiguration;
			buildSettings = {
				CODE_SIGN_IDENTITY = "-";
				CODE_SIGN_STYLE = Automatic;
				CREATE_INFOPLIST_SECTION_IN_BINARY = YES;
				INFOPLIST_FILE = LCSTest/Info.plist;
				PRODUCT_BUNDLE_IDENTIFIER = com.jjrscott.bulkhead;
				PRODUCT_NAME = "$(TARGET_NAME)";
			};
			name = Release;
		};
/* End XCBuildConfiguration section */

/* Begin XCConfigurationList section */
		05605D9F2311C3E300EE9C60 /* Build configuration list for PBXProject "Bulkhead" */ = {
			isa = XCConfigurationList;
			buildConfigurations = (
				05605DB52311C3E400EE9C60 /* Debug */,
				05605DB62311C3E400EE9C60 /* Release */,
			);
			defaultConfigurationIsVisible = 0;
			defaultConfigurationName = Release;
		};
		05605DB72311C3E400EE9C60 /* Build configuration list for PBXNativeTarget "Bulkhead" */ = {
			isa = XCConfigurationList;
			buildConfigurations = (
				05605DB82311C3E400EE9C60 /* Debug */,
				05605DB92311C3E400EE9C60 /* Release */,
			);
			defaultConfigurationIsVisible = 0;
			defaultConfigurationName = Release;
		};
		063DDE0F234C9943009F6652 /* Build configuration list for PBXNativeTarget "LCSTest" */ = {
			isa = XCConfigurationList;
			buildConfigurations = (
				063DDE0D234C9943009F6652 /* Debug */,
				063DDE0E234C9943009F6652 /* Release */,
			);
			defaultConfigurationIsVisible = 0;
			defaultConfigurationName = Release;
		};
/* End XCConfigurationList section */
	};
	rootObject = 05605D9C2311C3E300EE9C60 /* Project object */;
}
